
Microsoft Visual Studio Solution File, Format Version 12.00
# Visual Studio 14
VisualStudioVersion = 14.0.25420.1
MinimumVisualStudioVersion = 10.0.40219.1
Project("{FAE04EC0-301F-11D3-BF4B-00C04F79EFBC}") = "01_IntNumbers", "01_IntNumbers\01_IntNumbers.csproj", "{AC96E625-7591-4152-81BD-1C3CFD19A11A}"
EndProject
Global
	GlobalSection(SolutionConfigurationPlatforms) = preSolution
		Debug|Any CPU = Debug|Any CPU
		Release|Any CPU = Release|Any CPU
	EndGlobalSection
	GlobalSection(ProjectConfigurationPlatforms) = postSolution
		{AC96E625-7591-4152-81BD-1C3CFD19A11A}.Debug|Any CPU.ActiveCfg = Debug|Any CPU
		{AC96E625-7591-4152-81BD-1C3CFD19A11A}.Debug|Any CPU.Build.0 = Debug|Any CPU
		{AC96E625-7591-4152-81BD-1C3CFD19A11A}.Release|Any CPU.ActiveCfg = Release|Any CPU
		{AC96E625-7591-4152-81BD-1C3CFD19A11A}.Release|Any CPU.Build.0 = Release|Any CPU
	EndGlobalSection
	GlobalSection(SolutionProperties) = preSolution
		HideSolutionNode = FALSE
	EndGlobalSection
EndGlobal
