
Microsoft Visual Studio Solution File, Format Version 12.00
# Visual Studio 14
VisualStudioVersion = 14.0.25420.1
MinimumVisualStudioVersion = 10.0.40219.1
Project("{FAE04EC0-301F-11D3-BF4B-00C04F79EFBC}") = "02_FlointPointNumber", "02_FlointPointNumber\02_FlointPointNumber.csproj", "{AF24453D-5C10-4E8C-948B-2C080093A563}"
EndProject
Global
	GlobalSection(SolutionConfigurationPlatforms) = preSolution
		Debug|Any CPU = Debug|Any CPU
		Release|Any CPU = Release|Any CPU
	EndGlobalSection
	GlobalSection(ProjectConfigurationPlatforms) = postSolution
		{AF24453D-5C10-4E8C-948B-2C080093A563}.Debug|Any CPU.ActiveCfg = Debug|Any CPU
		{AF24453D-5C10-4E8C-948B-2C080093A563}.Debug|Any CPU.Build.0 = Debug|Any CPU
		{AF24453D-5C10-4E8C-948B-2C080093A563}.Release|Any CPU.ActiveCfg = Release|Any CPU
		{AF24453D-5C10-4E8C-948B-2C080093A563}.Release|Any CPU.Build.0 = Release|Any CPU
	EndGlobalSection
	GlobalSection(SolutionProperties) = preSolution
		HideSolutionNode = FALSE
	EndGlobalSection
EndGlobal
