
Microsoft Visual Studio Solution File, Format Version 12.00
# Visual Studio 14
VisualStudioVersion = 14.0.25420.1
MinimumVisualStudioVersion = 10.0.40219.1
Project("{FAE04EC0-301F-11D3-BF4B-00C04F79EFBC}") = "01_SinoTheWalLker", "01_SinoTheWalLker\01_SinoTheWalLker.csproj", "{052AA8B2-41EE-4FE0-8621-908EBFF74BAE}"
EndProject
Project("{FAE04EC0-301F-11D3-BF4B-00C04F79EFBC}") = "02_SoftuniKaraoke", "02_SoftuniKaraoke\02_SoftuniKaraoke.csproj", "{C803915B-7A75-482E-84F5-C18FF329ED17}"
EndProject
Global
	GlobalSection(SolutionConfigurationPlatforms) = preSolution
		Debug|Any CPU = Debug|Any CPU
		Release|Any CPU = Release|Any CPU
	EndGlobalSection
	GlobalSection(ProjectConfigurationPlatforms) = postSolution
		{052AA8B2-41EE-4FE0-8621-908EBFF74BAE}.Debug|Any CPU.ActiveCfg = Debug|Any CPU
		{052AA8B2-41EE-4FE0-8621-908EBFF74BAE}.Debug|Any CPU.Build.0 = Debug|Any CPU
		{052AA8B2-41EE-4FE0-8621-908EBFF74BAE}.Release|Any CPU.ActiveCfg = Release|Any CPU
		{052AA8B2-41EE-4FE0-8621-908EBFF74BAE}.Release|Any CPU.Build.0 = Release|Any CPU
		{C803915B-7A75-482E-84F5-C18FF329ED17}.Debug|Any CPU.ActiveCfg = Debug|Any CPU
		{C803915B-7A75-482E-84F5-C18FF329ED17}.Debug|Any CPU.Build.0 = Debug|Any CPU
		{C803915B-7A75-482E-84F5-C18FF329ED17}.Release|Any CPU.ActiveCfg = Release|Any CPU
		{C803915B-7A75-482E-84F5-C18FF329ED17}.Release|Any CPU.Build.0 = Release|Any CPU
	EndGlobalSection
	GlobalSection(SolutionProperties) = preSolution
		HideSolutionNode = FALSE
	EndGlobalSection
EndGlobal
