
Microsoft Visual Studio Solution File, Format Version 12.00
# Visual Studio 14
VisualStudioVersion = 14.0.25420.1
MinimumVisualStudioVersion = 10.0.40219.1
Project("{FAE04EC0-301F-11D3-BF4B-00C04F79EFBC}") = "02_AverageCharDelime", "02_AverageCharDelime\02_AverageCharDelime.csproj", "{CA31433A-D812-4809-901F-6E7C0FA1F737}"
EndProject
Global
	GlobalSection(SolutionConfigurationPlatforms) = preSolution
		Debug|Any CPU = Debug|Any CPU
		Release|Any CPU = Release|Any CPU
	EndGlobalSection
	GlobalSection(ProjectConfigurationPlatforms) = postSolution
		{CA31433A-D812-4809-901F-6E7C0FA1F737}.Debug|Any CPU.ActiveCfg = Debug|Any CPU
		{CA31433A-D812-4809-901F-6E7C0FA1F737}.Debug|Any CPU.Build.0 = Debug|Any CPU
		{CA31433A-D812-4809-901F-6E7C0FA1F737}.Release|Any CPU.ActiveCfg = Release|Any CPU
		{CA31433A-D812-4809-901F-6E7C0FA1F737}.Release|Any CPU.Build.0 = Release|Any CPU
	EndGlobalSection
	GlobalSection(SolutionProperties) = preSolution
		HideSolutionNode = FALSE
	EndGlobalSection
EndGlobal
