
Microsoft Visual Studio Solution File, Format Version 12.00
# Visual Studio 14
VisualStudioVersion = 14.0.25420.1
MinimumVisualStudioVersion = 10.0.40219.1
Project("{FAE04EC0-301F-11D3-BF4B-00C04F79EFBC}") = "01_CountRealNumbers", "01_CountRealNumbers\01_CountRealNumbers.csproj", "{3A39ED2A-DF84-41FA-A534-CD2D4A154B76}"
EndProject
Project("{FAE04EC0-301F-11D3-BF4B-00C04F79EFBC}") = "02_OddOccurrences", "02_OddOccurrences\02_OddOccurrences.csproj", "{2F77E64B-7BE5-4184-B3BD-D329C960F1C8}"
EndProject
Global
	GlobalSection(SolutionConfigurationPlatforms) = preSolution
		Debug|Any CPU = Debug|Any CPU
		Release|Any CPU = Release|Any CPU
	EndGlobalSection
	GlobalSection(ProjectConfigurationPlatforms) = postSolution
		{3A39ED2A-DF84-41FA-A534-CD2D4A154B76}.Debug|Any CPU.ActiveCfg = Debug|Any CPU
		{3A39ED2A-DF84-41FA-A534-CD2D4A154B76}.Debug|Any CPU.Build.0 = Debug|Any CPU
		{3A39ED2A-DF84-41FA-A534-CD2D4A154B76}.Release|Any CPU.ActiveCfg = Release|Any CPU
		{3A39ED2A-DF84-41FA-A534-CD2D4A154B76}.Release|Any CPU.Build.0 = Release|Any CPU
		{2F77E64B-7BE5-4184-B3BD-D329C960F1C8}.Debug|Any CPU.ActiveCfg = Debug|Any CPU
		{2F77E64B-7BE5-4184-B3BD-D329C960F1C8}.Debug|Any CPU.Build.0 = Debug|Any CPU
		{2F77E64B-7BE5-4184-B3BD-D329C960F1C8}.Release|Any CPU.ActiveCfg = Release|Any CPU
		{2F77E64B-7BE5-4184-B3BD-D329C960F1C8}.Release|Any CPU.Build.0 = Release|Any CPU
	EndGlobalSection
	GlobalSection(SolutionProperties) = preSolution
		HideSolutionNode = FALSE
	EndGlobalSection
EndGlobal
