
Microsoft Visual Studio Solution File, Format Version 12.00
# Visual Studio 14
VisualStudioVersion = 14.0.25420.1
MinimumVisualStudioVersion = 10.0.40219.1
Project("{FAE04EC0-301F-11D3-BF4B-00C04F79EFBC}") = "04_IncreasingCrisis", "04_IncreasingCrisis\04_IncreasingCrisis.csproj", "{B0FAF8E0-50E0-4532-9112-D37841928B63}"
EndProject
Project("{FAE04EC0-301F-11D3-BF4B-00C04F79EFBC}") = "03_IncreasingCrisis", "03_IncreasingCrisis\03_IncreasingCrisis.csproj", "{F6B1DF74-51F8-438C-8675-6BB66B523C37}"
EndProject
Global
	GlobalSection(SolutionConfigurationPlatforms) = preSolution
		Debug|Any CPU = Debug|Any CPU
		Release|Any CPU = Release|Any CPU
	EndGlobalSection
	GlobalSection(ProjectConfigurationPlatforms) = postSolution
		{B0FAF8E0-50E0-4532-9112-D37841928B63}.Debug|Any CPU.ActiveCfg = Debug|Any CPU
		{B0FAF8E0-50E0-4532-9112-D37841928B63}.Debug|Any CPU.Build.0 = Debug|Any CPU
		{B0FAF8E0-50E0-4532-9112-D37841928B63}.Release|Any CPU.ActiveCfg = Release|Any CPU
		{B0FAF8E0-50E0-4532-9112-D37841928B63}.Release|Any CPU.Build.0 = Release|Any CPU
		{F6B1DF74-51F8-438C-8675-6BB66B523C37}.Debug|Any CPU.ActiveCfg = Debug|Any CPU
		{F6B1DF74-51F8-438C-8675-6BB66B523C37}.Debug|Any CPU.Build.0 = Debug|Any CPU
		{F6B1DF74-51F8-438C-8675-6BB66B523C37}.Release|Any CPU.ActiveCfg = Release|Any CPU
		{F6B1DF74-51F8-438C-8675-6BB66B523C37}.Release|Any CPU.Build.0 = Release|Any CPU
	EndGlobalSection
	GlobalSection(SolutionProperties) = preSolution
		HideSolutionNode = FALSE
	EndGlobalSection
EndGlobal
