
Microsoft Visual Studio Solution File, Format Version 12.00
# Visual Studio 14
VisualStudioVersion = 14.0.25420.1
MinimumVisualStudioVersion = 10.0.40219.1
Project("{FAE04EC0-301F-11D3-BF4B-00C04F79EFBC}") = "01_RemoveFromOdd", "01_RemoveFromOdd\01_RemoveFromOdd.csproj", "{87A8E864-89CE-460A-8285-ACCB286DDBDF}"
EndProject
Project("{FAE04EC0-301F-11D3-BF4B-00C04F79EFBC}") = "02_TrackDownloader", "..\02_TrackDownloader\02_TrackDownloader.csproj", "{6DEBD9B8-65CE-4C9B-91F5-2C3B6039B579}"
EndProject
Project("{FAE04EC0-301F-11D3-BF4B-00C04F79EFBC}") = "03_EqualSum", "..\03_EqualSum\03_EqualSum.csproj", "{BC787F3D-3FC1-4E7F-8EDB-06A46192045F}"
EndProject
Project("{FAE04EC0-301F-11D3-BF4B-00C04F79EFBC}") = "04_FlipListSides", "04_FlipListSides\04_FlipListSides.csproj", "{3083B1BD-7050-436C-8598-A0D8091B04F7}"
EndProject
Project("{FAE04EC0-301F-11D3-BF4B-00C04F79EFBC}") = "05_TearListInHalf", "..\05_TearListInHalf\05_TearListInHalf.csproj", "{E8DCE981-AAE8-4036-9F4E-E90997D18036}"
EndProject
Project("{FAE04EC0-301F-11D3-BF4B-00C04F79EFBC}") = "06_StuckZipper", "..\06_StuckZipper\06_StuckZipper.csproj", "{D49AEF07-0AF7-4EF1-A597-E9EDB4AE7BF2}"
EndProject
Global
	GlobalSection(SolutionConfigurationPlatforms) = preSolution
		Debug|Any CPU = Debug|Any CPU
		Release|Any CPU = Release|Any CPU
	EndGlobalSection
	GlobalSection(ProjectConfigurationPlatforms) = postSolution
		{87A8E864-89CE-460A-8285-ACCB286DDBDF}.Debug|Any CPU.ActiveCfg = Debug|Any CPU
		{87A8E864-89CE-460A-8285-ACCB286DDBDF}.Debug|Any CPU.Build.0 = Debug|Any CPU
		{87A8E864-89CE-460A-8285-ACCB286DDBDF}.Release|Any CPU.ActiveCfg = Release|Any CPU
		{87A8E864-89CE-460A-8285-ACCB286DDBDF}.Release|Any CPU.Build.0 = Release|Any CPU
		{6DEBD9B8-65CE-4C9B-91F5-2C3B6039B579}.Debug|Any CPU.ActiveCfg = Debug|Any CPU
		{6DEBD9B8-65CE-4C9B-91F5-2C3B6039B579}.Debug|Any CPU.Build.0 = Debug|Any CPU
		{6DEBD9B8-65CE-4C9B-91F5-2C3B6039B579}.Release|Any CPU.ActiveCfg = Release|Any CPU
		{6DEBD9B8-65CE-4C9B-91F5-2C3B6039B579}.Release|Any CPU.Build.0 = Release|Any CPU
		{BC787F3D-3FC1-4E7F-8EDB-06A46192045F}.Debug|Any CPU.ActiveCfg = Debug|Any CPU
		{BC787F3D-3FC1-4E7F-8EDB-06A46192045F}.Debug|Any CPU.Build.0 = Debug|Any CPU
		{BC787F3D-3FC1-4E7F-8EDB-06A46192045F}.Release|Any CPU.ActiveCfg = Release|Any CPU
		{BC787F3D-3FC1-4E7F-8EDB-06A46192045F}.Release|Any CPU.Build.0 = Release|Any CPU
		{3083B1BD-7050-436C-8598-A0D8091B04F7}.Debug|Any CPU.ActiveCfg = Debug|Any CPU
		{3083B1BD-7050-436C-8598-A0D8091B04F7}.Debug|Any CPU.Build.0 = Debug|Any CPU
		{3083B1BD-7050-436C-8598-A0D8091B04F7}.Release|Any CPU.ActiveCfg = Release|Any CPU
		{3083B1BD-7050-436C-8598-A0D8091B04F7}.Release|Any CPU.Build.0 = Release|Any CPU
		{E8DCE981-AAE8-4036-9F4E-E90997D18036}.Debug|Any CPU.ActiveCfg = Debug|Any CPU
		{E8DCE981-AAE8-4036-9F4E-E90997D18036}.Debug|Any CPU.Build.0 = Debug|Any CPU
		{E8DCE981-AAE8-4036-9F4E-E90997D18036}.Release|Any CPU.ActiveCfg = Release|Any CPU
		{E8DCE981-AAE8-4036-9F4E-E90997D18036}.Release|Any CPU.Build.0 = Release|Any CPU
		{D49AEF07-0AF7-4EF1-A597-E9EDB4AE7BF2}.Debug|Any CPU.ActiveCfg = Debug|Any CPU
		{D49AEF07-0AF7-4EF1-A597-E9EDB4AE7BF2}.Debug|Any CPU.Build.0 = Debug|Any CPU
		{D49AEF07-0AF7-4EF1-A597-E9EDB4AE7BF2}.Release|Any CPU.ActiveCfg = Release|Any CPU
		{D49AEF07-0AF7-4EF1-A597-E9EDB4AE7BF2}.Release|Any CPU.Build.0 = Release|Any CPU
	EndGlobalSection
	GlobalSection(SolutionProperties) = preSolution
		HideSolutionNode = FALSE
	EndGlobalSection
EndGlobal
