
Microsoft Visual Studio Solution File, Format Version 12.00
# Visual Studio 14
VisualStudioVersion = 14.0.25420.1
MinimumVisualStudioVersion = 10.0.40219.1
Project("{FAE04EC0-301F-11D3-BF4B-00C04F79EFBC}") = "02_MultiplyArreyOfDoubles", "02_MultiplyArreyOfDoubles\02_MultiplyArreyOfDoubles.csproj", "{8668B63A-442D-4E98-9687-D426FD469FF4}"
EndProject
Global
	GlobalSection(SolutionConfigurationPlatforms) = preSolution
		Debug|Any CPU = Debug|Any CPU
		Release|Any CPU = Release|Any CPU
	EndGlobalSection
	GlobalSection(ProjectConfigurationPlatforms) = postSolution
		{8668B63A-442D-4E98-9687-D426FD469FF4}.Debug|Any CPU.ActiveCfg = Debug|Any CPU
		{8668B63A-442D-4E98-9687-D426FD469FF4}.Debug|Any CPU.Build.0 = Debug|Any CPU
		{8668B63A-442D-4E98-9687-D426FD469FF4}.Release|Any CPU.ActiveCfg = Release|Any CPU
		{8668B63A-442D-4E98-9687-D426FD469FF4}.Release|Any CPU.Build.0 = Release|Any CPU
	EndGlobalSection
	GlobalSection(SolutionProperties) = preSolution
		HideSolutionNode = FALSE
	EndGlobalSection
EndGlobal
